
Microsoft Visual Studio Solution File, Format Version 12.00
# Visual Studio Version 17
VisualStudioVersion = 17.5.002.0
MinimumVisualStudioVersion = 10.0.40219.1
Project("{9A19103F-16F7-4668-BE54-9A1E7A4F7556}") = "L4", "task1\L4.csproj", "{F43294A0-0A78-47A1-BA5E-719F0D61E623}"
EndProject
Project("{9A19103F-16F7-4668-BE54-9A1E7A4F7556}") = "task2", "task2\task2.csproj", "{77FC24A9-0E1A-43C4-9BFD-BA27CFCBBBA7}"
EndProject
Project("{9A19103F-16F7-4668-BE54-9A1E7A4F7556}") = "task3", "task3\task3.csproj", "{3176E454-F9E9-45AF-A072-E2EC267D0C6D}"
EndProject
Global
	GlobalSection(SolutionConfigurationPlatforms) = preSolution
		Debug|Any CPU = Debug|Any CPU
		Release|Any CPU = Release|Any CPU
	EndGlobalSection
	GlobalSection(ProjectConfigurationPlatforms) = postSolution
		{F43294A0-0A78-47A1-BA5E-719F0D61E623}.Debug|Any CPU.ActiveCfg = Debug|Any CPU
		{F43294A0-0A78-47A1-BA5E-719F0D61E623}.Debug|Any CPU.Build.0 = Debug|Any CPU
		{F43294A0-0A78-47A1-BA5E-719F0D61E623}.Release|Any CPU.ActiveCfg = Release|Any CPU
		{F43294A0-0A78-47A1-BA5E-719F0D61E623}.Release|Any CPU.Build.0 = Release|Any CPU
		{77FC24A9-0E1A-43C4-9BFD-BA27CFCBBBA7}.Debug|Any CPU.ActiveCfg = Debug|Any CPU
		{77FC24A9-0E1A-43C4-9BFD-BA27CFCBBBA7}.Debug|Any CPU.Build.0 = Debug|Any CPU
		{77FC24A9-0E1A-43C4-9BFD-BA27CFCBBBA7}.Release|Any CPU.ActiveCfg = Release|Any CPU
		{77FC24A9-0E1A-43C4-9BFD-BA27CFCBBBA7}.Release|Any CPU.Build.0 = Release|Any CPU
		{3176E454-F9E9-45AF-A072-E2EC267D0C6D}.Debug|Any CPU.ActiveCfg = Debug|Any CPU
		{3176E454-F9E9-45AF-A072-E2EC267D0C6D}.Debug|Any CPU.Build.0 = Debug|Any CPU
		{3176E454-F9E9-45AF-A072-E2EC267D0C6D}.Release|Any CPU.ActiveCfg = Release|Any CPU
		{3176E454-F9E9-45AF-A072-E2EC267D0C6D}.Release|Any CPU.Build.0 = Release|Any CPU
	EndGlobalSection
	GlobalSection(SolutionProperties) = preSolution
		HideSolutionNode = FALSE
	EndGlobalSection
	GlobalSection(ExtensibilityGlobals) = postSolution
		SolutionGuid = {A97EF20B-D4AA-4454-A27F-017CD38078FB}
	EndGlobalSection
EndGlobal
