
Microsoft Visual Studio Solution File, Format Version 12.00
# Visual Studio Version 17
VisualStudioVersion = 17.5.002.0
MinimumVisualStudioVersion = 10.0.40219.1
Project("{9A19103F-16F7-4668-BE54-9A1E7A4F7556}") = "sem1", "sem1.csproj", "{656ADB4A-1707-49DB-89A3-7ACD5BB8652C}"
EndProject
Global
	GlobalSection(SolutionConfigurationPlatforms) = preSolution
		Debug|Any CPU = Debug|Any CPU
		Release|Any CPU = Release|Any CPU
	EndGlobalSection
	GlobalSection(ProjectConfigurationPlatforms) = postSolution
		{656ADB4A-1707-49DB-89A3-7ACD5BB8652C}.Debug|Any CPU.ActiveCfg = Debug|Any CPU
		{656ADB4A-1707-49DB-89A3-7ACD5BB8652C}.Debug|Any CPU.Build.0 = Debug|Any CPU
		{656ADB4A-1707-49DB-89A3-7ACD5BB8652C}.Release|Any CPU.ActiveCfg = Release|Any CPU
		{656ADB4A-1707-49DB-89A3-7ACD5BB8652C}.Release|Any CPU.Build.0 = Release|Any CPU
	EndGlobalSection
	GlobalSection(SolutionProperties) = preSolution
		HideSolutionNode = FALSE
	EndGlobalSection
	GlobalSection(ExtensibilityGlobals) = postSolution
		SolutionGuid = {E55A2FB8-5261-409A-A337-7B0C47D37276}
	EndGlobalSection
EndGlobal
